// !$*UTF8*$!
{
	archiveVersion = 1;
	classes = {
	};
	objectVersion = 46;
	objects = {

/* Begin PBXBuildFile section */
		3F934C8F165FD740005A39EA /* CoreBluetooth.framework in Frameworks */ = {isa = PBXBuildFile; fileRef = 3F934C8E165FD740005A39EA /* CoreBluetooth.framework */; };
		3F934CA816610B40005A39EA /* BleDiscovery.m in Sources */ = {isa = PBXBuildFile; fileRef = 3F934CA516610B40005A39EA /* BleDiscovery.m */; };
		3F934CA916610B40005A39EA /* BleFlowerService.m in Sources */ = {isa = PBXBuildFile; fileRef = 3F934CA716610B40005A39EA /* BleFlowerService.m */; };
		81F1E01F164D693700F49E4E /* UIKit.framework in Frameworks */ = {isa = PBXBuildFile; fileRef = 81F1E01E164D693700F49E4E /* UIKit.framework */; };
		81F1E021164D693700F49E4E /* Foundation.framework in Frameworks */ = {isa = PBXBuildFile; fileRef = 81F1E020164D693700F49E4E /* Foundation.framework */; };
		81F1E023164D693700F49E4E /* CoreGraphics.framework in Frameworks */ = {isa = PBXBuildFile; fileRef = 81F1E022164D693700F49E4E /* CoreGraphics.framework */; };
		81F1E029164D693700F49E4E /* InfoPlist.strings in Resources */ = {isa = PBXBuildFile; fileRef = 81F1E027164D693700F49E4E /* InfoPlist.strings */; };
		81F1E02B164D693700F49E4E /* main.m in Sources */ = {isa = PBXBuildFile; fileRef = 81F1E02A164D693700F49E4E /* main.m */; };
		81F1E02F164D693700F49E4E /* AppDelegate.m in Sources */ = {isa = PBXBuildFile; fileRef = 81F1E02E164D693700F49E4E /* AppDelegate.m */; };
		81F1E031164D693700F49E4E /* Default.png in Resources */ = {isa = PBXBuildFile; fileRef = 81F1E030164D693700F49E4E /* Default.png */; };
		81F1E033164D693700F49E4E /* Default@2x.png in Resources */ = {isa = PBXBuildFile; fileRef = 81F1E032164D693700F49E4E /* Default@2x.png */; };
		81F1E035164D693700F49E4E /* Default-568h@2x.png in Resources */ = {isa = PBXBuildFile; fileRef = 81F1E034164D693700F49E4E /* Default-568h@2x.png */; };
		81F1E038164D693700F49E4E /* MainStoryboard.storyboard in Resources */ = {isa = PBXBuildFile; fileRef = 81F1E036164D693700F49E4E /* MainStoryboard.storyboard */; };
		81F1E03B164D693700F49E4E /* MasterViewController.m in Sources */ = {isa = PBXBuildFile; fileRef = 81F1E03A164D693700F49E4E /* MasterViewController.m */; };
		81F1E03E164D693700F49E4E /* DetailViewController.m in Sources */ = {isa = PBXBuildFile; fileRef = 81F1E03D164D693700F49E4E /* DetailViewController.m */; };
		81F1E046164D698C00F49E4E /* flower.m in Sources */ = {isa = PBXBuildFile; fileRef = 81F1E045164D698C00F49E4E /* flower.m */; };
		81F1E050165107A200F49E4E /* roseImage.png in Resources */ = {isa = PBXBuildFile; fileRef = 81F1E04A165107A200F49E4E /* roseImage.png */; };
		81F1E051165107A200F49E4E /* roseThumbImage.png in Resources */ = {isa = PBXBuildFile; fileRef = 81F1E04B165107A200F49E4E /* roseThumbImage.png */; };
		81F1E052165107A200F49E4E /* sunflowerImage.png in Resources */ = {isa = PBXBuildFile; fileRef = 81F1E04C165107A200F49E4E /* sunflowerImage.png */; };
		81F1E053165107A200F49E4E /* sunflowerThumbImage.png in Resources */ = {isa = PBXBuildFile; fileRef = 81F1E04D165107A200F49E4E /* sunflowerThumbImage.png */; };
		81F1E054165107A200F49E4E /* tulipImage.png in Resources */ = {isa = PBXBuildFile; fileRef = 81F1E04E165107A200F49E4E /* tulipImage.png */; };
		81F1E055165107A200F49E4E /* tulipThumbImage.png in Resources */ = {isa = PBXBuildFile; fileRef = 81F1E04F165107A200F49E4E /* tulipThumbImage.png */; };
		81F1E0581652A56200F49E4E /* dummyFlower.png in Resources */ = {isa = PBXBuildFile; fileRef = 81F1E0561652A56200F49E4E /* dummyFlower.png */; };
		81F1E0591652A56200F49E4E /* dummyFlowerThumb.png in Resources */ = {isa = PBXBuildFile; fileRef = 81F1E0571652A56200F49E4E /* dummyFlowerThumb.png */; };
		81F1E05B16569F0F00F49E4E /* saveFile.plist in Resources */ = {isa = PBXBuildFile; fileRef = 81F1E05A16569F0F00F49E4E /* saveFile.plist */; };
		81F1E05D165A3A6100F49E4E /* roselogo.png in Resources */ = {isa = PBXBuildFile; fileRef = 81F1E05C165A3A6100F49E4E /* roselogo.png */; };
		81F1E05F165A3BE900F49E4E /* roselogoRet.png in Resources */ = {isa = PBXBuildFile; fileRef = 81F1E05E165A3BE900F49E4E /* roselogoRet.png */; };
		81F1E069165A576A00F49E4E /* LeveyPopListView.m in Sources */ = {isa = PBXBuildFile; fileRef = 81F1E066165A576A00F49E4E /* LeveyPopListView.m */; };
		81F1E06A165A576A00F49E4E /* LeveyPopListViewCell.m in Sources */ = {isa = PBXBuildFile; fileRef = 81F1E068165A576A00F49E4E /* LeveyPopListViewCell.m */; };
/* End PBXBuildFile section */

/* Begin PBXFileReference section */
		3F934C8E165FD740005A39EA /* CoreBluetooth.framework */ = {isa = PBXFileReference; lastKnownFileType = wrapper.framework; name = CoreBluetooth.framework; path = System/Library/Frameworks/CoreBluetooth.framework; sourceTree = SDKROOT; };
		3F934CA416610B40005A39EA /* BleDiscovery.h */ = {isa = PBXFileReference; fileEncoding = 4; lastKnownFileType = sourcecode.c.h; path = BleDiscovery.h; sourceTree = "<group>"; };
		3F934CA516610B40005A39EA /* BleDiscovery.m */ = {isa = PBXFileReference; fileEncoding = 4; lastKnownFileType = sourcecode.c.objc; path = BleDiscovery.m; sourceTree = "<group>"; };
		3F934CA616610B40005A39EA /* BleFlowerService.h */ = {isa = PBXFileReference; fileEncoding = 4; lastKnownFileType = sourcecode.c.h; path = BleFlowerService.h; sourceTree = "<group>"; };
		3F934CA716610B40005A39EA /* BleFlowerService.m */ = {isa = PBXFileReference; fileEncoding = 4; lastKnownFileType = sourcecode.c.objc; path = BleFlowerService.m; sourceTree = "<group>"; };
		81F1E01A164D693700F49E4E /* blueMoist.app */ = {isa = PBXFileReference; explicitFileType = wrapper.application; includeInIndex = 0; path = blueMoist.app; sourceTree = BUILT_PRODUCTS_DIR; };
		81F1E01E164D693700F49E4E /* UIKit.framework */ = {isa = PBXFileReference; lastKnownFileType = wrapper.framework; name = UIKit.framework; path = System/Library/Frameworks/UIKit.framework; sourceTree = SDKROOT; };
		81F1E020164D693700F49E4E /* Foundation.framework */ = {isa = PBXFileReference; lastKnownFileType = wrapper.framework; name = Foundation.framework; path = System/Library/Frameworks/Foundation.framework; sourceTree = SDKROOT; };
		81F1E022164D693700F49E4E /* CoreGraphics.framework */ = {isa = PBXFileReference; lastKnownFileType = wrapper.framework; name = CoreGraphics.framework; path = System/Library/Frameworks/CoreGraphics.framework; sourceTree = SDKROOT; };
		81F1E026164D693700F49E4E /* blueMoist-Info.plist */ = {isa = PBXFileReference; lastKnownFileType = text.plist.xml; path = "blueMoist-Info.plist"; sourceTree = "<group>"; };
		81F1E028164D693700F49E4E /* en */ = {isa = PBXFileReference; lastKnownFileType = text.plist.strings; name = en; path = en.lproj/InfoPlist.strings; sourceTree = "<group>"; };
		81F1E02A164D693700F49E4E /* main.m */ = {isa = PBXFileReference; lastKnownFileType = sourcecode.c.objc; path = main.m; sourceTree = "<group>"; };
		81F1E02C164D693700F49E4E /* blueMoist-Prefix.pch */ = {isa = PBXFileReference; lastKnownFileType = sourcecode.c.h; path = "blueMoist-Prefix.pch"; sourceTree = "<group>"; };
		81F1E02D164D693700F49E4E /* AppDelegate.h */ = {isa = PBXFileReference; lastKnownFileType = sourcecode.c.h; name = AppDelegate.h; path = blueMoist/AppDelegate.h; sourceTree = "<group>"; };
		81F1E02E164D693700F49E4E /* AppDelegate.m */ = {isa = PBXFileReference; lastKnownFileType = sourcecode.c.objc; name = AppDelegate.m; path = blueMoist/AppDelegate.m; sourceTree = "<group>"; };
		81F1E030164D693700F49E4E /* Default.png */ = {isa = PBXFileReference; lastKnownFileType = image.png; path = Default.png; sourceTree = "<group>"; };
		81F1E032164D693700F49E4E /* Default@2x.png */ = {isa = PBXFileReference; lastKnownFileType = image.png; path = "Default@2x.png"; sourceTree = "<group>"; };
		81F1E034164D693700F49E4E /* Default-568h@2x.png */ = {isa = PBXFileReference; lastKnownFileType = image.png; path = "Default-568h@2x.png"; sourceTree = "<group>"; };
		81F1E037164D693700F49E4E /* en */ = {isa = PBXFileReference; lastKnownFileType = file.storyboard; name = en; path = en.lproj/MainStoryboard.storyboard; sourceTree = "<group>"; };
		81F1E039164D693700F49E4E /* MasterViewController.h */ = {isa = PBXFileReference; lastKnownFileType = sourcecode.c.h; name = MasterViewController.h; path = blueMoist/MasterViewController.h; sourceTree = "<group>"; };
		81F1E03A164D693700F49E4E /* MasterViewController.m */ = {isa = PBXFileReference; lastKnownFileType = sourcecode.c.objc; name = MasterViewController.m; path = blueMoist/MasterViewController.m; sourceTree = "<group>"; };
		81F1E03C164D693700F49E4E /* DetailViewController.h */ = {isa = PBXFileReference; lastKnownFileType = sourcecode.c.h; name = DetailViewController.h; path = blueMoist/DetailViewController.h; sourceTree = "<group>"; };
		81F1E03D164D693700F49E4E /* DetailViewController.m */ = {isa = PBXFileReference; lastKnownFileType = sourcecode.c.objc; name = DetailViewController.m; path = blueMoist/DetailViewController.m; sourceTree = "<group>"; };
		81F1E044164D698C00F49E4E /* flower.h */ = {isa = PBXFileReference; fileEncoding = 4; lastKnownFileType = sourcecode.c.h; path = flower.h; sourceTree = "<group>"; };
		81F1E045164D698C00F49E4E /* flower.m */ = {isa = PBXFileReference; fileEncoding = 4; lastKnownFileType = sourcecode.c.objc; path = flower.m; sourceTree = "<group>"; };
		81F1E04A165107A200F49E4E /* roseImage.png */ = {isa = PBXFileReference; lastKnownFileType = image.png; path = roseImage.png; sourceTree = "<group>"; };
		81F1E04B165107A200F49E4E /* roseThumbImage.png */ = {isa = PBXFileReference; lastKnownFileType = image.png; path = roseThumbImage.png; sourceTree = "<group>"; };
		81F1E04C165107A200F49E4E /* sunflowerImage.png */ = {isa = PBXFileReference; lastKnownFileType = image.png; path = sunflowerImage.png; sourceTree = "<group>"; };
		81F1E04D165107A200F49E4E /* sunflowerThumbImage.png */ = {isa = PBXFileReference; lastKnownFileType = image.png; path = sunflowerThumbImage.png; sourceTree = "<group>"; };
		81F1E04E165107A200F49E4E /* tulipImage.png */ = {isa = PBXFileReference; lastKnownFileType = image.png; path = tulipImage.png; sourceTree = "<group>"; };
		81F1E04F165107A200F49E4E /* tulipThumbImage.png */ = {isa = PBXFileReference; lastKnownFileType = image.png; path = tulipThumbImage.png; sourceTree = "<group>"; };
		81F1E0561652A56200F49E4E /* dummyFlower.png */ = {isa = PBXFileReference; lastKnownFileType = image.png; path = dummyFlower.png; sourceTree = "<group>"; };
		81F1E0571652A56200F49E4E /* dummyFlowerThumb.png */ = {isa = PBXFileReference; lastKnownFileType = image.png; path = dummyFlowerThumb.png; sourceTree = "<group>"; };
		81F1E05A16569F0F00F49E4E /* saveFile.plist */ = {isa = PBXFileReference; fileEncoding = 4; lastKnownFileType = text.plist.xml; path = saveFile.plist; sourceTree = "<group>"; };
		81F1E05C165A3A6100F49E4E /* roselogo.png */ = {isa = PBXFileReference; lastKnownFileType = image.png; name = roselogo.png; path = ../roselogo.png; sourceTree = "<group>"; };
		81F1E05E165A3BE900F49E4E /* roselogoRet.png */ = {isa = PBXFileReference; lastKnownFileType = image.png; name = roselogoRet.png; path = ../roselogoRet.png; sourceTree = "<group>"; };
		81F1E065165A576A00F49E4E /* LeveyPopListView.h */ = {isa = PBXFileReference; fileEncoding = 4; lastKnownFileType = sourcecode.c.h; path = LeveyPopListView.h; sourceTree = "<group>"; };
		81F1E066165A576A00F49E4E /* LeveyPopListView.m */ = {isa = PBXFileReference; fileEncoding = 4; lastKnownFileType = sourcecode.c.objc; path = LeveyPopListView.m; sourceTree = "<group>"; };
		81F1E067165A576A00F49E4E /* LeveyPopListViewCell.h */ = {isa = PBXFileReference; fileEncoding = 4; lastKnownFileType = sourcecode.c.h; path = LeveyPopListViewCell.h; sourceTree = "<group>"; };
		81F1E068165A576A00F49E4E /* LeveyPopListViewCell.m */ = {isa = PBXFileReference; fileEncoding = 4; lastKnownFileType = sourcecode.c.objc; path = LeveyPopListViewCell.m; sourceTree = "<group>"; };
/* End PBXFileReference section */

/* Begin PBXFrameworksBuildPhase section */
		81F1E017164D693700F49E4E /* Frameworks */ = {
			isa = PBXFrameworksBuildPhase;
			buildActionMask = 2147483647;
			files = (
				3F934C8F165FD740005A39EA /* CoreBluetooth.framework in Frameworks */,
				81F1E01F164D693700F49E4E /* UIKit.framework in Frameworks */,
				81F1E021164D693700F49E4E /* Foundation.framework in Frameworks */,
				81F1E023164D693700F49E4E /* CoreGraphics.framework in Frameworks */,
			);
			runOnlyForDeploymentPostprocessing = 0;
		};
/* End PBXFrameworksBuildPhase section */

/* Begin PBXGroup section */
		3F934C8C165FCA54005A39EA /* Ble */ = {
			isa = PBXGroup;
			children = (
				3F934CA416610B40005A39EA /* BleDiscovery.h */,
				3F934CA516610B40005A39EA /* BleDiscovery.m */,
				3F934CA616610B40005A39EA /* BleFlowerService.h */,
				3F934CA716610B40005A39EA /* BleFlowerService.m */,
			);
			name = Ble;
			sourceTree = "<group>";
		};
		81F1E00F164D693700F49E4E = {
			isa = PBXGroup;
			children = (
				81F1E024164D693700F49E4E /* blueMoist */,
				81F1E01D164D693700F49E4E /* Frameworks */,
				81F1E01B164D693700F49E4E /* Products */,
			);
			sourceTree = "<group>";
		};
		81F1E01B164D693700F49E4E /* Products */ = {
			isa = PBXGroup;
			children = (
				81F1E01A164D693700F49E4E /* blueMoist.app */,
			);
			name = Products;
			sourceTree = "<group>";
		};
		81F1E01D164D693700F49E4E /* Frameworks */ = {
			isa = PBXGroup;
			children = (
				3F934C8E165FD740005A39EA /* CoreBluetooth.framework */,
				81F1E01E164D693700F49E4E /* UIKit.framework */,
				81F1E020164D693700F49E4E /* Foundation.framework */,
				81F1E022164D693700F49E4E /* CoreGraphics.framework */,
			);
			name = Frameworks;
			sourceTree = "<group>";
		};
		81F1E024164D693700F49E4E /* blueMoist */ = {
			isa = PBXGroup;
			children = (
				3F934C8C165FCA54005A39EA /* Ble */,
				81F1E064165A576900F49E4E /* LeveyPopListView */,
				81F1E0491651072C00F49E4E /* Resources */,
				81F1E0481650F78000F49E4E /* Model */,
				81F1E0471650F74800F49E4E /* GUI */,
				81F1E025164D693700F49E4E /* Supporting Files */,
			);
			path = blueMoist;
			sourceTree = "<group>";
		};
		81F1E025164D693700F49E4E /* Supporting Files */ = {
			isa = PBXGroup;
			children = (
				81F1E026164D693700F49E4E /* blueMoist-Info.plist */,
				81F1E027164D693700F49E4E /* InfoPlist.strings */,
				81F1E02A164D693700F49E4E /* main.m */,
				81F1E02C164D693700F49E4E /* blueMoist-Prefix.pch */,
				81F1E030164D693700F49E4E /* Default.png */,
				81F1E032164D693700F49E4E /* Default@2x.png */,
				81F1E034164D693700F49E4E /* Default-568h@2x.png */,
			);
			name = "Supporting Files";
			sourceTree = "<group>";
		};
		81F1E0471650F74800F49E4E /* GUI */ = {
			isa = PBXGroup;
			children = (
				81F1E02D164D693700F49E4E /* AppDelegate.h */,
				81F1E02E164D693700F49E4E /* AppDelegate.m */,
				81F1E036164D693700F49E4E /* MainStoryboard.storyboard */,
				81F1E039164D693700F49E4E /* MasterViewController.h */,
				81F1E03A164D693700F49E4E /* MasterViewController.m */,
				81F1E03C164D693700F49E4E /* DetailViewController.h */,
				81F1E03D164D693700F49E4E /* DetailViewController.m */,
			);
			name = GUI;
			path = ..;
			sourceTree = "<group>";
		};
		81F1E0481650F78000F49E4E /* Model */ = {
			isa = PBXGroup;
			children = (
				81F1E044164D698C00F49E4E /* flower.h */,
				81F1E045164D698C00F49E4E /* flower.m */,
			);
			name = Model;
			sourceTree = "<group>";
		};
		81F1E0491651072C00F49E4E /* Resources */ = {
			isa = PBXGroup;
			children = (
				81F1E05E165A3BE900F49E4E /* roselogoRet.png */,
				81F1E05C165A3A6100F49E4E /* roselogo.png */,
				81F1E0561652A56200F49E4E /* dummyFlower.png */,
				81F1E0571652A56200F49E4E /* dummyFlowerThumb.png */,
				81F1E04A165107A200F49E4E /* roseImage.png */,
				81F1E04B165107A200F49E4E /* roseThumbImage.png */,
				81F1E04C165107A200F49E4E /* sunflowerImage.png */,
				81F1E04D165107A200F49E4E /* sunflowerThumbImage.png */,
				81F1E04E165107A200F49E4E /* tulipImage.png */,
				81F1E04F165107A200F49E4E /* tulipThumbImage.png */,
				81F1E05A16569F0F00F49E4E /* saveFile.plist */,
			);
			name = Resources;
			sourceTree = "<group>";
		};
		81F1E064165A576900F49E4E /* LeveyPopListView */ = {
			isa = PBXGroup;
			children = (
				81F1E065165A576A00F49E4E /* LeveyPopListView.h */,
				81F1E066165A576A00F49E4E /* LeveyPopListView.m */,
				81F1E067165A576A00F49E4E /* LeveyPopListViewCell.h */,
				81F1E068165A576A00F49E4E /* LeveyPopListViewCell.m */,
			);
			name = LeveyPopListView;
			path = ../LeveyPopListView;
			sourceTree = "<group>";
		};
/* End PBXGroup section */

/* Begin PBXNativeTarget section */
		81F1E019164D693700F49E4E /* blueMoist */ = {
			isa = PBXNativeTarget;
			buildConfigurationList = 81F1E041164D693700F49E4E /* Build configuration list for PBXNativeTarget "blueMoist" */;
			buildPhases = (
				81F1E016164D693700F49E4E /* Sources */,
				81F1E017164D693700F49E4E /* Frameworks */,
				81F1E018164D693700F49E4E /* Resources */,
			);
			buildRules = (
			);
			dependencies = (
			);
			name = blueMoist;
			productName = blueMoist;
			productReference = 81F1E01A164D693700F49E4E /* blueMoist.app */;
			productType = "com.apple.product-type.application";
		};
/* End PBXNativeTarget section */

/* Begin PBXProject section */
		81F1E011164D693700F49E4E /* Project object */ = {
			isa = PBXProject;
			attributes = {
				LastUpgradeCheck = 0450;
				ORGANIZATIONNAME = "Anders Brekke";
			};
			buildConfigurationList = 81F1E014164D693700F49E4E /* Build configuration list for PBXProject "blueMoist" */;
			compatibilityVersion = "Xcode 3.2";
			developmentRegion = English;
			hasScannedForEncodings = 0;
			knownRegions = (
				en,
			);
			mainGroup = 81F1E00F164D693700F49E4E;
			productRefGroup = 81F1E01B164D693700F49E4E /* Products */;
			projectDirPath = "";
			projectRoot = "";
			targets = (
				81F1E019164D693700F49E4E /* blueMoist */,
			);
		};
/* End PBXProject section */

/* Begin PBXResourcesBuildPhase section */
		81F1E018164D693700F49E4E /* Resources */ = {
			isa = PBXResourcesBuildPhase;
			buildActionMask = 2147483647;
			files = (
				81F1E029164D693700F49E4E /* InfoPlist.strings in Resources */,
				81F1E031164D693700F49E4E /* Default.png in Resources */,
				81F1E033164D693700F49E4E /* Default@2x.png in Resources */,
				81F1E035164D693700F49E4E /* Default-568h@2x.png in Resources */,
				81F1E038164D693700F49E4E /* MainStoryboard.storyboard in Resources */,
				81F1E050165107A200F49E4E /* roseImage.png in Resources */,
				81F1E051165107A200F49E4E /* roseThumbImage.png in Resources */,
				81F1E052165107A200F49E4E /* sunflowerImage.png in Resources */,
				81F1E053165107A200F49E4E /* sunflowerThumbImage.png in Resources */,
				81F1E054165107A200F49E4E /* tulipImage.png in Resources */,
				81F1E055165107A200F49E4E /* tulipThumbImage.png in Resources */,
				81F1E0581652A56200F49E4E /* dummyFlower.png in Resources */,
				81F1E0591652A56200F49E4E /* dummyFlowerThumb.png in Resources */,
				81F1E05B16569F0F00F49E4E /* saveFile.plist in Resources */,
				81F1E05D165A3A6100F49E4E /* roselogo.png in Resources */,
				81F1E05F165A3BE900F49E4E /* roselogoRet.png in Resources */,
			);
			runOnlyForDeploymentPostprocessing = 0;
		};
/* End PBXResourcesBuildPhase section */

/* Begin PBXSourcesBuildPhase section */
		81F1E016164D693700F49E4E /* Sources */ = {
			isa = PBXSourcesBuildPhase;
			buildActionMask = 2147483647;
			files = (
				81F1E02B164D693700F49E4E /* main.m in Sources */,
				81F1E02F164D693700F49E4E /* AppDelegate.m in Sources */,
				81F1E03B164D693700F49E4E /* MasterViewController.m in Sources */,
				81F1E03E164D693700F49E4E /* DetailViewController.m in Sources */,
				81F1E046164D698C00F49E4E /* flower.m in Sources */,
				81F1E069165A576A00F49E4E /* LeveyPopListView.m in Sources */,
				81F1E06A165A576A00F49E4E /* LeveyPopListViewCell.m in Sources */,
				3F934CA816610B40005A39EA /* BleDiscovery.m in Sources */,
				3F934CA916610B40005A39EA /* BleFlowerService.m in Sources */,
			);
			runOnlyForDeploymentPostprocessing = 0;
		};
/* End PBXSourcesBuildPhase section */

/* Begin PBXVariantGroup section */
		81F1E027164D693700F49E4E /* InfoPlist.strings */ = {
			isa = PBXVariantGroup;
			children = (
				81F1E028164D693700F49E4E /* en */,
			);
			name = InfoPlist.strings;
			sourceTree = "<group>";
		};
		81F1E036164D693700F49E4E /* MainStoryboard.storyboard */ = {
			isa = PBXVariantGroup;
			children = (
				81F1E037164D693700F49E4E /* en */,
			);
			name = MainStoryboard.storyboard;
			path = blueMoist;
			sourceTree = "<group>";
		};
/* End PBXVariantGroup section */

/* Begin XCBuildConfiguration section */
		81F1E03F164D693700F49E4E /* Debug */ = {
			isa = XCBuildConfiguration;
			buildSettings = {
				ALWAYS_SEARCH_USER_PATHS = NO;
				CLANG_CXX_LANGUAGE_STANDARD = "gnu++0x";
				CLANG_CXX_LIBRARY = "libc++";
				CLANG_ENABLE_OBJC_ARC = YES;
				CLANG_WARN_EMPTY_BODY = YES;
				CLANG_WARN__DUPLICATE_METHOD_MATCH = YES;
				"CODE_SIGN_IDENTITY[sdk=iphoneos*]" = "iPhone Developer";
				COPY_PHASE_STRIP = NO;
				GCC_C_LANGUAGE_STANDARD = gnu99;
				GCC_DYNAMIC_NO_PIC = NO;
				GCC_OPTIMIZATION_LEVEL = 0;
				GCC_PREPROCESSOR_DEFINITIONS = (
					"DEBUG=1",
					"$(inherited)",
				);
				GCC_SYMBOLS_PRIVATE_EXTERN = NO;
				GCC_WARN_ABOUT_RETURN_TYPE = YES;
				GCC_WARN_UNINITIALIZED_AUTOS = YES;
				GCC_WARN_UNUSED_VARIABLE = YES;
				IPHONEOS_DEPLOYMENT_TARGET = 6.0;
				ONLY_ACTIVE_ARCH = YES;
				SDKROOT = iphoneos;
			};
			name = Debug;
		};
		81F1E040164D693700F49E4E /* Release */ = {
			isa = XCBuildConfiguration;
			buildSettings = {
				ALWAYS_SEARCH_USER_PATHS = NO;
				CLANG_CXX_LANGUAGE_STANDARD = "gnu++0x";
				CLANG_CXX_LIBRARY = "libc++";
				CLANG_ENABLE_OBJC_ARC = YES;
				CLANG_WARN_EMPTY_BODY = YES;
				CLANG_WARN__DUPLICATE_METHOD_MATCH = YES;
				"CODE_SIGN_IDENTITY[sdk=iphoneos*]" = "iPhone Developer";
				COPY_PHASE_STRIP = YES;
				GCC_C_LANGUAGE_STANDARD = gnu99;
				GCC_WARN_ABOUT_RETURN_TYPE = YES;
				GCC_WARN_UNINITIALIZED_AUTOS = YES;
				GCC_WARN_UNUSED_VARIABLE = YES;
				IPHONEOS_DEPLOYMENT_TARGET = 6.0;
				OTHER_CFLAGS = "-DNS_BLOCK_ASSERTIONS=1";
				SDKROOT = iphoneos;
				VALIDATE_PRODUCT = YES;
			};
			name = Release;
		};
		81F1E042164D693700F49E4E /* Debug */ = {
			isa = XCBuildConfiguration;
			buildSettings = {
				CLANG_ENABLE_OBJC_ARC = YES;
				GCC_PRECOMPILE_PREFIX_HEADER = YES;
				GCC_PREFIX_HEADER = "blueMoist/blueMoist-Prefix.pch";
				INFOPLIST_FILE = "blueMoist/blueMoist-Info.plist";
				PRODUCT_NAME = "$(TARGET_NAME)";
				TARGETED_DEVICE_FAMILY = 1;
				WRAPPER_EXTENSION = app;
			};
			name = Debug;
		};
		81F1E043164D693700F49E4E /* Release */ = {
			isa = XCBuildConfiguration;
			buildSettings = {
				CLANG_ENABLE_OBJC_ARC = YES;
				GCC_PRECOMPILE_PREFIX_HEADER = YES;
				GCC_PREFIX_HEADER = "blueMoist/blueMoist-Prefix.pch";
				INFOPLIST_FILE = "blueMoist/blueMoist-Info.plist";
				PRODUCT_NAME = "$(TARGET_NAME)";
				TARGETED_DEVICE_FAMILY = 1;
				WRAPPER_EXTENSION = app;
			};
			name = Release;
		};
/* End XCBuildConfiguration section */

/* Begin XCConfigurationList section */
		81F1E014164D693700F49E4E /* Build configuration list for PBXProject "blueMoist" */ = {
			isa = XCConfigurationList;
			buildConfigurations = (
				81F1E03F164D693700F49E4E /* Debug */,
				81F1E040164D693700F49E4E /* Release */,
			);
			defaultConfigurationIsVisible = 0;
			defaultConfigurationName = Release;
		};
		81F1E041164D693700F49E4E /* Build configuration list for PBXNativeTarget "blueMoist" */ = {
			isa = XCConfigurationList;
			buildConfigurations = (
				81F1E042164D693700F49E4E /* Debug */,
				81F1E043164D693700F49E4E /* Release */,
			);
			defaultConfigurationIsVisible = 0;
			defaultConfigurationName = Release;
		};
/* End XCConfigurationList section */
	};
	rootObject = 81F1E011164D693700F49E4E /* Project object */;
}
